
Microsoft Visual Studio Solution File, Format Version 12.00
# Visual Studio Version 17
VisualStudioVersion = 17.14.36511.14 d17.14
MinimumVisualStudioVersion = 10.0.40219.1
Project("{FAE04EC0-301F-11D3-BF4B-00C04F79EFBC}") = "prg-test-1", "prg-test-1\prg-test-1.csproj", "{521EED5C-AAFA-4D96-BAB2-D01B6D32648C}"
EndProject
Global
	GlobalSection(SolutionConfigurationPlatforms) = preSolution
		Debug|Any CPU = Debug|Any CPU
		Release|Any CPU = Release|Any CPU
	EndGlobalSection
	GlobalSection(ProjectConfigurationPlatforms) = postSolution
		{521EED5C-AAFA-4D96-BAB2-D01B6D32648C}.Debug|Any CPU.ActiveCfg = Debug|Any CPU
		{521EED5C-AAFA-4D96-BAB2-D01B6D32648C}.Debug|Any CPU.Build.0 = Debug|Any CPU
		{521EED5C-AAFA-4D96-BAB2-D01B6D32648C}.Release|Any CPU.ActiveCfg = Release|Any CPU
		{521EED5C-AAFA-4D96-BAB2-D01B6D32648C}.Release|Any CPU.Build.0 = Release|Any CPU
	EndGlobalSection
	GlobalSection(SolutionProperties) = preSolution
		HideSolutionNode = FALSE
	EndGlobalSection
	GlobalSection(ExtensibilityGlobals) = postSolution
		SolutionGuid = {C8685C5C-77FD-4BD1-BDF6-BADEC6656A08}
	EndGlobalSection
EndGlobal
