
Microsoft Visual Studio Solution File, Format Version 12.00
# Visual Studio Version 17
VisualStudioVersion = 17.14.36518.9 d17.14
MinimumVisualStudioVersion = 10.0.40219.1
Project("{FAE04EC0-301F-11D3-BF4B-00C04F79EFBC}") = "abecedni-poradi", "abecedni-poradi\abecedni-poradi.csproj", "{A6E439D6-7F33-4C73-B2E3-63DA77FF1C7A}"
EndProject
Global
	GlobalSection(SolutionConfigurationPlatforms) = preSolution
		Debug|Any CPU = Debug|Any CPU
		Release|Any CPU = Release|Any CPU
	EndGlobalSection
	GlobalSection(ProjectConfigurationPlatforms) = postSolution
		{A6E439D6-7F33-4C73-B2E3-63DA77FF1C7A}.Debug|Any CPU.ActiveCfg = Debug|Any CPU
		{A6E439D6-7F33-4C73-B2E3-63DA77FF1C7A}.Debug|Any CPU.Build.0 = Debug|Any CPU
		{A6E439D6-7F33-4C73-B2E3-63DA77FF1C7A}.Release|Any CPU.ActiveCfg = Release|Any CPU
		{A6E439D6-7F33-4C73-B2E3-63DA77FF1C7A}.Release|Any CPU.Build.0 = Release|Any CPU
	EndGlobalSection
	GlobalSection(SolutionProperties) = preSolution
		HideSolutionNode = FALSE
	EndGlobalSection
	GlobalSection(ExtensibilityGlobals) = postSolution
		SolutionGuid = {43D0DBF0-EF00-42CD-8971-DE0FFD3BC969}
	EndGlobalSection
EndGlobal
